
Microsoft Visual Studio Solution File, Format Version 12.00
# Visual Studio Version 16
VisualStudioVersion = 16.0.809.10
MinimumVisualStudioVersion = 10.0.40219.1
Project("{FAE04EC0-301F-11D3-BF4B-00C04F79EFBC}") = "sspro-starter-files", "sspro-starter-files\sspro-starter-files.csproj", "{B3406585-74A3-45DB-8FDE-4E6FA8CB46A2}"
EndProject
Global
	GlobalSection(SolutionConfigurationPlatforms) = preSolution
		Debug|Any CPU = Debug|Any CPU
		Release|Any CPU = Release|Any CPU
	EndGlobalSection
	GlobalSection(ProjectConfigurationPlatforms) = postSolution
		{B3406585-74A3-45DB-8FDE-4E6FA8CB46A2}.Debug|Any CPU.ActiveCfg = Debug|Any CPU
		{B3406585-74A3-45DB-8FDE-4E6FA8CB46A2}.Debug|Any CPU.Build.0 = Debug|Any CPU
		{B3406585-74A3-45DB-8FDE-4E6FA8CB46A2}.Release|Any CPU.ActiveCfg = Release|Any CPU
		{B3406585-74A3-45DB-8FDE-4E6FA8CB46A2}.Release|Any CPU.Build.0 = Release|Any CPU
	EndGlobalSection
	GlobalSection(SolutionProperties) = preSolution
		HideSolutionNode = FALSE
	EndGlobalSection
	GlobalSection(ExtensibilityGlobals) = postSolution
		SolutionGuid = {E5D52B8D-88A3-4361-9AF0-F4B1B67982C2}
	EndGlobalSection
EndGlobal
